// !$*UTF8*$!
{
	archiveVersion = 1;
	classes = {
	};
	objectVersion = 46;
	objects = {

/* Begin PBXBuildFile section */
		628E888A1E6F95800055202D /* main.m in Sources */ = {isa = PBXBuildFile; fileRef = 628E88891E6F95800055202D /* main.m */; };
		628E888D1E6F95800055202D /* AppDelegate.m in Sources */ = {isa = PBXBuildFile; fileRef = 628E888C1E6F95800055202D /* AppDelegate.m */; };
		628E88901E6F95800055202D /* ViewController.m in Sources */ = {isa = PBXBuildFile; fileRef = 628E888F1E6F95800055202D /* ViewController.m */; };
		628E88931E6F95800055202D /* Main.storyboard in Resources */ = {isa = PBXBuildFile; fileRef = 628E88911E6F95800055202D /* Main.storyboard */; };
		628E88951E6F95800055202D /* Assets.xcassets in Resources */ = {isa = PBXBuildFile; fileRef = 628E88941E6F95800055202D /* Assets.xcassets */; };
		628E88981E6F95800055202D /* LaunchScreen.storyboard in Resources */ = {isa = PBXBuildFile; fileRef = 628E88961E6F95800055202D /* LaunchScreen.storyboard */; };
/* End PBXBuildFile section */

/* Begin PBXFileReference section */
		628E88851E6F95800055202D /* Demo-TableView.app */ = {isa = PBXFileReference; explicitFileType = wrapper.application; includeInIndex = 0; path = "Demo-TableView.app"; sourceTree = BUILT_PRODUCTS_DIR; };
		628E88891E6F95800055202D /* main.m */ = {isa = PBXFileReference; lastKnownFileType = sourcecode.c.objc; path = main.m; sourceTree = "<group>"; };
		628E888B1E6F95800055202D /* AppDelegate.h */ = {isa = PBXFileReference; lastKnownFileType = sourcecode.c.h; path = AppDelegate.h; sourceTree = "<group>"; };
		628E888C1E6F95800055202D /* AppDelegate.m */ = {isa = PBXFileReference; lastKnownFileType = sourcecode.c.objc; path = AppDelegate.m; sourceTree = "<group>"; };
		628E888E1E6F95800055202D /* ViewController.h */ = {isa = PBXFileReference; lastKnownFileType = sourcecode.c.h; path = ViewController.h; sourceTree = "<group>"; };
		628E888F1E6F95800055202D /* ViewController.m */ = {isa = PBXFileReference; lastKnownFileType = sourcecode.c.objc; path = ViewController.m; sourceTree = "<group>"; };
		628E88921E6F95800055202D /* Base */ = {isa = PBXFileReference; lastKnownFileType = file.storyboard; name = Base; path = Base.lproj/Main.storyboard; sourceTree = "<group>"; };
		628E88941E6F95800055202D /* Assets.xcassets */ = {isa = PBXFileReference; lastKnownFileType = folder.assetcatalog; path = Assets.xcassets; sourceTree = "<group>"; };
		628E88971E6F95800055202D /* Base */ = {isa = PBXFileReference; lastKnownFileType = file.storyboard; name = Base; path = Base.lproj/LaunchScreen.storyboard; sourceTree = "<group>"; };
		628E88991E6F95800055202D /* Info.plist */ = {isa = PBXFileReference; lastKnownFileType = text.plist.xml; path = Info.plist; sourceTree = "<group>"; };
/* End PBXFileReference section */

/* Begin PBXFrameworksBuildPhase section */
		628E88821E6F957F0055202D /* Frameworks */ = {
			isa = PBXFrameworksBuildPhase;
			buildActionMask = 2147483647;
			files = (
			);
			runOnlyForDeploymentPostprocessing = 0;
		};
/* End PBXFrameworksBuildPhase section */

/* Begin PBXGroup section */
		628E887C1E6F957F0055202D = {
			isa = PBXGroup;
			children = (
				628E88871E6F95800055202D /* Demo-TableView */,
				628E88861E6F95800055202D /* Products */,
			);
			sourceTree = "<group>";
		};
		628E88861E6F95800055202D /* Products */ = {
			isa = PBXGroup;
			children = (
				628E88851E6F95800055202D /* Demo-TableView.app */,
			);
			name = Products;
			sourceTree = "<group>";
		};
		628E88871E6F95800055202D /* Demo-TableView */ = {
			isa = PBXGroup;
			children = (
				628E888B1E6F95800055202D /* AppDelegate.h */,
				628E888C1E6F95800055202D /* AppDelegate.m */,
				628E888E1E6F95800055202D /* ViewController.h */,
				628E888F1E6F95800055202D /* ViewController.m */,
				628E88911E6F95800055202D /* Main.storyboard */,
				628E88941E6F95800055202D /* Assets.xcassets */,
				628E88961E6F95800055202D /* LaunchScreen.storyboard */,
				628E88991E6F95800055202D /* Info.plist */,
				628E88881E6F95800055202D /* Supporting Files */,
			);
			path = "Demo-TableView";
			sourceTree = "<group>";
		};
		628E88881E6F95800055202D /* Supporting Files */ = {
			isa = PBXGroup;
			children = (
				628E88891E6F95800055202D /* main.m */,
			);
			name = "Supporting Files";
			sourceTree = "<group>";
		};
/* End PBXGroup section */

/* Begin PBXNativeTarget section */
		628E88841E6F957F0055202D /* Demo-TableView */ = {
			isa = PBXNativeTarget;
			buildConfigurationList = 628E889C1E6F95800055202D /* Build configuration list for PBXNativeTarget "Demo-TableView" */;
			buildPhases = (
				628E88811E6F957F0055202D /* Sources */,
				628E88821E6F957F0055202D /* Frameworks */,
				628E88831E6F957F0055202D /* Resources */,
			);
			buildRules = (
			);
			dependencies = (
			);
			name = "Demo-TableView";
			productName = "Demo-TableView";
			productReference = 628E88851E6F95800055202D /* Demo-TableView.app */;
			productType = "com.apple.product-type.application";
		};
/* End PBXNativeTarget section */

/* Begin PBXProject section */
		628E887D1E6F957F0055202D /* Project object */ = {
			isa = PBXProject;
			attributes = {
				LastUpgradeCheck = 0820;
				ORGANIZATIONNAME = tmtuan;
				TargetAttributes = {
					628E88841E6F957F0055202D = {
						CreatedOnToolsVersion = 8.2.1;
						DevelopmentTeam = KW44X9W383;
						ProvisioningStyle = Automatic;
					};
				};
			};
			buildConfigurationList = 628E88801E6F957F0055202D /* Build configuration list for PBXProject "Demo-TableView" */;
			compatibilityVersion = "Xcode 3.2";
			developmentRegion = English;
			hasScannedForEncodings = 0;
			knownRegions = (
				en,
				Base,
			);
			mainGroup = 628E887C1E6F957F0055202D;
			productRefGroup = 628E88861E6F95800055202D /* Products */;
			projectDirPath = "";
			projectRoot = "";
			targets = (
				628E88841E6F957F0055202D /* Demo-TableView */,
			);
		};
/* End PBXProject section */

/* Begin PBXResourcesBuildPhase section */
		628E88831E6F957F0055202D /* Resources */ = {
			isa = PBXResourcesBuildPhase;
			buildActionMask = 2147483647;
			files = (
				628E88981E6F95800055202D /* LaunchScreen.storyboard in Resources */,
				628E88951E6F95800055202D /* Assets.xcassets in Resources */,
				628E88931E6F95800055202D /* Main.storyboard in Resources */,
			);
			runOnlyForDeploymentPostprocessing = 0;
		};
/* End PBXResourcesBuildPhase section */

/* Begin PBXSourcesBuildPhase section */
		628E88811E6F957F0055202D /* Sources */ = {
			isa = PBXSourcesBuildPhase;
			buildActionMask = 2147483647;
			files = (
				628E88901E6F95800055202D /* ViewController.m in Sources */,
				628E888D1E6F95800055202D /* AppDelegate.m in Sources */,
				628E888A1E6F95800055202D /* main.m in Sources */,
			);
			runOnlyForDeploymentPostprocessing = 0;
		};
/* End PBXSourcesBuildPhase section */

/* Begin PBXVariantGroup section */
		628E88911E6F95800055202D /* Main.storyboard */ = {
			isa = PBXVariantGroup;
			children = (
				628E88921E6F95800055202D /* Base */,
			);
			name = Main.storyboard;
			sourceTree = "<group>";
		};
		628E88961E6F95800055202D /* LaunchScreen.storyboard */ = {
			isa = PBXVariantGroup;
			children = (
				628E88971E6F95800055202D /* Base */,
			);
			name = LaunchScreen.storyboard;
			sourceTree = "<group>";
		};
/* End PBXVariantGroup section */

/* Begin XCBuildConfiguration section */
		628E889A1E6F95800055202D /* Debug */ = {
			isa = XCBuildConfiguration;
			buildSettings = {
				ALWAYS_SEARCH_USER_PATHS = NO;
				CLANG_ANALYZER_NONNULL = YES;
				CLANG_CXX_LANGUAGE_STANDARD = "gnu++0x";
				CLANG_CXX_LIBRARY = "libc++";
				CLANG_ENABLE_MODULES = YES;
				CLANG_ENABLE_OBJC_ARC = YES;
				CLANG_WARN_BOOL_CONVERSION = YES;
				CLANG_WARN_CONSTANT_CONVERSION = YES;
				CLANG_WARN_DIRECT_OBJC_ISA_USAGE = YES_ERROR;
				CLANG_WARN_DOCUMENTATION_COMMENTS = YES;
				CLANG_WARN_EMPTY_BODY = YES;
				CLANG_WARN_ENUM_CONVERSION = YES;
				CLANG_WARN_INFINITE_RECURSION = YES;
				CLANG_WARN_INT_CONVERSION = YES;
				CLANG_WARN_OBJC_ROOT_CLASS = YES_ERROR;
				CLANG_WARN_SUSPICIOUS_MOVE = YES;
				CLANG_WARN_UNREACHABLE_CODE = YES;
				CLANG_WARN__DUPLICATE_METHOD_MATCH = YES;
				"CODE_SIGN_IDENTITY[sdk=iphoneos*]" = "iPhone Developer";
				COPY_PHASE_STRIP = NO;
				DEBUG_INFORMATION_FORMAT = dwarf;
				ENABLE_STRICT_OBJC_MSGSEND = YES;
				ENABLE_TESTABILITY = YES;
				GCC_C_LANGUAGE_STANDARD = gnu99;
				GCC_DYNAMIC_NO_PIC = NO;
				GCC_NO_COMMON_BLOCKS = YES;
				GCC_OPTIMIZATION_LEVEL = 0;
				GCC_PREPROCESSOR_DEFINITIONS = (
					"DEBUG=1",
					"$(inherited)",
				);
				GCC_WARN_64_TO_32_BIT_CONVERSION = YES;
				GCC_WARN_ABOUT_RETURN_TYPE = YES_ERROR;
				GCC_WARN_UNDECLARED_SELECTOR = YES;
				GCC_WARN_UNINITIALIZED_AUTOS = YES_AGGRESSIVE;
				GCC_WARN_UNUSED_FUNCTION = YES;
				GCC_WARN_UNUSED_VARIABLE = YES;
				IPHONEOS_DEPLOYMENT_TARGET = 10.2;
				MTL_ENABLE_DEBUG_INFO = YES;
				ONLY_ACTIVE_ARCH = YES;
				SDKROOT = iphoneos;
			};
			name = Debug;
		};
		628E889B1E6F95800055202D /* Release */ = {
			isa = XCBuildConfiguration;
			buildSettings = {
				ALWAYS_SEARCH_USER_PATHS = NO;
				CLANG_ANALYZER_NONNULL = YES;
				CLANG_CXX_LANGUAGE_STANDARD = "gnu++0x";
				CLANG_CXX_LIBRARY = "libc++";
				CLANG_ENABLE_MODULES = YES;
				CLANG_ENABLE_OBJC_ARC = YES;
				CLANG_WARN_BOOL_CONVERSION = YES;
				CLANG_WARN_CONSTANT_CONVERSION = YES;
				CLANG_WARN_DIRECT_OBJC_ISA_USAGE = YES_ERROR;
				CLANG_WARN_DOCUMENTATION_COMMENTS = YES;
				CLANG_WARN_EMPTY_BODY = YES;
				CLANG_WARN_ENUM_CONVERSION = YES;
				CLANG_WARN_INFINITE_RECURSION = YES;
				CLANG_WARN_INT_CONVERSION = YES;
				CLANG_WARN_OBJC_ROOT_CLASS = YES_ERROR;
				CLANG_WARN_SUSPICIOUS_MOVE = YES;
				CLANG_WARN_UNREACHABLE_CODE = YES;
				CLANG_WARN__DUPLICATE_METHOD_MATCH = YES;
				"CODE_SIGN_IDENTITY[sdk=iphoneos*]" = "iPhone Developer";
				COPY_PHASE_STRIP = NO;
				DEBUG_INFORMATION_FORMAT = "dwarf-with-dsym";
				ENABLE_NS_ASSERTIONS = NO;
				ENABLE_STRICT_OBJC_MSGSEND = YES;
				GCC_C_LANGUAGE_STANDARD = gnu99;
				GCC_NO_COMMON_BLOCKS = YES;
				GCC_WARN_64_TO_32_BIT_CONVERSION = YES;
				GCC_WARN_ABOUT_RETURN_TYPE = YES_ERROR;
				GCC_WARN_UNDECLARED_SELECTOR = YES;
				GCC_WARN_UNINITIALIZED_AUTOS = YES_AGGRESSIVE;
				GCC_WARN_UNUSED_FUNCTION = YES;
				GCC_WARN_UNUSED_VARIABLE = YES;
				IPHONEOS_DEPLOYMENT_TARGET = 10.2;
				MTL_ENABLE_DEBUG_INFO = NO;
				SDKROOT = iphoneos;
				VALIDATE_PRODUCT = YES;
			};
			name = Release;
		};
		628E889D1E6F95800055202D /* Debug */ = {
			isa = XCBuildConfiguration;
			buildSettings = {
				ASSETCATALOG_COMPILER_APPICON_NAME = AppIcon;
				DEVELOPMENT_TEAM = KW44X9W383;
				INFOPLIST_FILE = "Demo-TableView/Info.plist";
				LD_RUNPATH_SEARCH_PATHS = "$(inherited) @executable_path/Frameworks";
				PRODUCT_BUNDLE_IDENTIFIER = "com.tmtuan.Demo-TableView";
				PRODUCT_NAME = "$(TARGET_NAME)";
			};
			name = Debug;
		};
		628E889E1E6F95800055202D /* Release */ = {
			isa = XCBuildConfiguration;
			buildSettings = {
				ASSETCATALOG_COMPILER_APPICON_NAME = AppIcon;
				DEVELOPMENT_TEAM = KW44X9W383;
				INFOPLIST_FILE = "Demo-TableView/Info.plist";
				LD_RUNPATH_SEARCH_PATHS = "$(inherited) @executable_path/Frameworks";
				PRODUCT_BUNDLE_IDENTIFIER = "com.tmtuan.Demo-TableView";
				PRODUCT_NAME = "$(TARGET_NAME)";
			};
			name = Release;
		};
/* End XCBuildConfiguration section */

/* Begin XCConfigurationList section */
		628E88801E6F957F0055202D /* Build configuration list for PBXProject "Demo-TableView" */ = {
			isa = XCConfigurationList;
			buildConfigurations = (
				628E889A1E6F95800055202D /* Debug */,
				628E889B1E6F95800055202D /* Release */,
			);
			defaultConfigurationIsVisible = 0;
			defaultConfigurationName = Release;
		};
		628E889C1E6F95800055202D /* Build configuration list for PBXNativeTarget "Demo-TableView" */ = {
			isa = XCConfigurationList;
			buildConfigurations = (
				628E889D1E6F95800055202D /* Debug */,
				628E889E1E6F95800055202D /* Release */,
			);
			defaultConfigurationIsVisible = 0;
		};
/* End XCConfigurationList section */
	};
	rootObject = 628E887D1E6F957F0055202D /* Project object */;
}
